
Microsoft Visual Studio Solution File, Format Version 12.00
# Visual Studio Version 17
VisualStudioVersion = 17.2.32616.157
MinimumVisualStudioVersion = 10.0.40219.1
Project("{9A19103F-16F7-4668-BE54-9A1E7A4F7556}") = "OktaClient", "OktaClient\OktaClient.csproj", "{15DEDFBE-E49E-4AC3-BB87-BBF84AE5BE05}"
EndProject
Project("{9A19103F-16F7-4668-BE54-9A1E7A4F7556}") = "AspNet.Security.OAuth.Okta", "AspNet.Security.OAuth.Okta\AspNet.Security.OAuth.Okta.csproj", "{0FF123C0-A69F-4B60-8423-A6DAB7F4A466}"
EndProject
Global
	GlobalSection(SolutionConfigurationPlatforms) = preSolution
		Debug|Any CPU = Debug|Any CPU
		Release|Any CPU = Release|Any CPU
	EndGlobalSection
	GlobalSection(ProjectConfigurationPlatforms) = postSolution
		{15DEDFBE-E49E-4AC3-BB87-BBF84AE5BE05}.Debug|Any CPU.ActiveCfg = Debug|Any CPU
		{15DEDFBE-E49E-4AC3-BB87-BBF84AE5BE05}.Debug|Any CPU.Build.0 = Debug|Any CPU
		{15DEDFBE-E49E-4AC3-BB87-BBF84AE5BE05}.Release|Any CPU.ActiveCfg = Release|Any CPU
		{15DEDFBE-E49E-4AC3-BB87-BBF84AE5BE05}.Release|Any CPU.Build.0 = Release|Any CPU
		{0FF123C0-A69F-4B60-8423-A6DAB7F4A466}.Debug|Any CPU.ActiveCfg = Debug|Any CPU
		{0FF123C0-A69F-4B60-8423-A6DAB7F4A466}.Debug|Any CPU.Build.0 = Debug|Any CPU
		{0FF123C0-A69F-4B60-8423-A6DAB7F4A466}.Release|Any CPU.ActiveCfg = Release|Any CPU
		{0FF123C0-A69F-4B60-8423-A6DAB7F4A466}.Release|Any CPU.Build.0 = Release|Any CPU
	EndGlobalSection
	GlobalSection(SolutionProperties) = preSolution
		HideSolutionNode = FALSE
	EndGlobalSection
	GlobalSection(ExtensibilityGlobals) = postSolution
		SolutionGuid = {D04FAB50-3479-4C19-8753-AA727D3D734D}
	EndGlobalSection
EndGlobal
